
Microsoft Visual Studio Solution File, Format Version 12.00
# Visual Studio Version 17
VisualStudioVersion = 17.11.35303.130
MinimumVisualStudioVersion = 10.0.40219.1
Project("{FAE04EC0-301F-11D3-BF4B-00C04F79EFBC}") = "MiniECommerceCatalog.Api", "MiniECommerceCatalog.Api\MiniECommerceCatalog.Api.csproj", "{0DB5586B-E20F-4558-AE73-1E16A250CEF7}"
EndProject
Project("{FAE04EC0-301F-11D3-BF4B-00C04F79EFBC}") = "MiniECommerceCatalog.WebApp", "MiniECommerceCatalog.WebApp\MiniECommerceCatalog.WebApp.csproj", "{4CDB8127-93C0-407B-A185-09E56FC9B935}"
EndProject
Project("{FAE04EC0-301F-11D3-BF4B-00C04F79EFBC}") = "MiniECommerceCatalog.Tests", "MiniECommerceCatalog.Tests\MiniECommerceCatalog.Tests.csproj", "{85D9A954-75FF-4086-AA19-A7DA11C33895}"
EndProject
Project("{FAE04EC0-301F-11D3-BF4B-00C04F79EFBC}") = "MiniECommerceCatalog.Data", "MiniECommerceCatalog.Data\MiniECommerceCatalog.Data.csproj", "{9FB1599E-56C7-409F-A504-B6D036F28C7D}"
EndProject
Project("{FAE04EC0-301F-11D3-BF4B-00C04F79EFBC}") = "MiniECommerceCatalog.Common", "MiniECommerceCatalog.Common\MiniECommerceCatalog.Common.csproj", "{F46AE11A-FDE3-433C-9C1A-9FFFCC959BC6}"
EndProject
Global
	GlobalSection(SolutionConfigurationPlatforms) = preSolution
		Debug|Any CPU = Debug|Any CPU
		Release|Any CPU = Release|Any CPU
	EndGlobalSection
	GlobalSection(ProjectConfigurationPlatforms) = postSolution
		{0DB5586B-E20F-4558-AE73-1E16A250CEF7}.Debug|Any CPU.ActiveCfg = Debug|Any CPU
		{0DB5586B-E20F-4558-AE73-1E16A250CEF7}.Debug|Any CPU.Build.0 = Debug|Any CPU
		{0DB5586B-E20F-4558-AE73-1E16A250CEF7}.Release|Any CPU.ActiveCfg = Release|Any CPU
		{0DB5586B-E20F-4558-AE73-1E16A250CEF7}.Release|Any CPU.Build.0 = Release|Any CPU
		{4CDB8127-93C0-407B-A185-09E56FC9B935}.Debug|Any CPU.ActiveCfg = Debug|Any CPU
		{4CDB8127-93C0-407B-A185-09E56FC9B935}.Debug|Any CPU.Build.0 = Debug|Any CPU
		{4CDB8127-93C0-407B-A185-09E56FC9B935}.Release|Any CPU.ActiveCfg = Release|Any CPU
		{4CDB8127-93C0-407B-A185-09E56FC9B935}.Release|Any CPU.Build.0 = Release|Any CPU
		{85D9A954-75FF-4086-AA19-A7DA11C33895}.Debug|Any CPU.ActiveCfg = Debug|Any CPU
		{85D9A954-75FF-4086-AA19-A7DA11C33895}.Debug|Any CPU.Build.0 = Debug|Any CPU
		{85D9A954-75FF-4086-AA19-A7DA11C33895}.Release|Any CPU.ActiveCfg = Release|Any CPU
		{85D9A954-75FF-4086-AA19-A7DA11C33895}.Release|Any CPU.Build.0 = Release|Any CPU
		{9FB1599E-56C7-409F-A504-B6D036F28C7D}.Debug|Any CPU.ActiveCfg = Debug|Any CPU
		{9FB1599E-56C7-409F-A504-B6D036F28C7D}.Debug|Any CPU.Build.0 = Debug|Any CPU
		{9FB1599E-56C7-409F-A504-B6D036F28C7D}.Release|Any CPU.ActiveCfg = Release|Any CPU
		{9FB1599E-56C7-409F-A504-B6D036F28C7D}.Release|Any CPU.Build.0 = Release|Any CPU
		{F46AE11A-FDE3-433C-9C1A-9FFFCC959BC6}.Debug|Any CPU.ActiveCfg = Debug|Any CPU
		{F46AE11A-FDE3-433C-9C1A-9FFFCC959BC6}.Debug|Any CPU.Build.0 = Debug|Any CPU
		{F46AE11A-FDE3-433C-9C1A-9FFFCC959BC6}.Release|Any CPU.ActiveCfg = Release|Any CPU
		{F46AE11A-FDE3-433C-9C1A-9FFFCC959BC6}.Release|Any CPU.Build.0 = Release|Any CPU
	EndGlobalSection
	GlobalSection(SolutionProperties) = preSolution
		HideSolutionNode = FALSE
	EndGlobalSection
	GlobalSection(ExtensibilityGlobals) = postSolution
		SolutionGuid = {814ED3C6-5C59-4830-9CE9-6F0B73AD2516}
	EndGlobalSection
EndGlobal
